
Microsoft Visual Studio Solution File, Format Version 12.00
# Visual Studio 15
Project("{FAE04EC0-301F-11D3-BF4B-00C04F79EFBC}") = "Assembly-CSharp", "Assembly-CSharp.csproj", "{C504350A-8F6E-E49A-21BB-82F420320D9D}"
EndProject
Project("{FAE04EC0-301F-11D3-BF4B-00C04F79EFBC}") = "Assembly-CSharp-Editor", "Assembly-CSharp-Editor.csproj", "{4722AC6E-CE59-84B7-E8CA-EAC7A866A9F4}"
EndProject
Project("{FAE04EC0-301F-11D3-BF4B-00C04F79EFBC}") = "EditorMigrationScripts", "EditorMigrationScripts.csproj", "{DCE16752-C3C7-D43D-253A-9547B3BECF55}"
EndProject
Global
	GlobalSection(SolutionConfigurationPlatforms) = preSolution
		Debug|Any CPU = Debug|Any CPU
		Release|Any CPU = Release|Any CPU
	EndGlobalSection
	GlobalSection(ProjectConfigurationPlatforms) = postSolution
		{C504350A-8F6E-E49A-21BB-82F420320D9D}.Debug|Any CPU.ActiveCfg = Debug|Any CPU
		{C504350A-8F6E-E49A-21BB-82F420320D9D}.Debug|Any CPU.Build.0 = Debug|Any CPU
		{C504350A-8F6E-E49A-21BB-82F420320D9D}.Release|Any CPU.ActiveCfg = Release|Any CPU
		{C504350A-8F6E-E49A-21BB-82F420320D9D}.Release|Any CPU.Build.0 = Release|Any CPU
		{4722AC6E-CE59-84B7-E8CA-EAC7A866A9F4}.Debug|Any CPU.ActiveCfg = Debug|Any CPU
		{4722AC6E-CE59-84B7-E8CA-EAC7A866A9F4}.Debug|Any CPU.Build.0 = Debug|Any CPU
		{4722AC6E-CE59-84B7-E8CA-EAC7A866A9F4}.Release|Any CPU.ActiveCfg = Release|Any CPU
		{4722AC6E-CE59-84B7-E8CA-EAC7A866A9F4}.Release|Any CPU.Build.0 = Release|Any CPU
		{DCE16752-C3C7-D43D-253A-9547B3BECF55}.Debug|Any CPU.ActiveCfg = Debug|Any CPU
		{DCE16752-C3C7-D43D-253A-9547B3BECF55}.Debug|Any CPU.Build.0 = Debug|Any CPU
		{DCE16752-C3C7-D43D-253A-9547B3BECF55}.Release|Any CPU.ActiveCfg = Release|Any CPU
		{DCE16752-C3C7-D43D-253A-9547B3BECF55}.Release|Any CPU.Build.0 = Release|Any CPU
	EndGlobalSection
	GlobalSection(SolutionProperties) = preSolution
		HideSolutionNode = FALSE
	EndGlobalSection
EndGlobal
